
Microsoft Visual Studio Solution File, Format Version 12.00
# Visual Studio Version 17
VisualStudioVersion = 17.9.34622.214
MinimumVisualStudioVersion = 10.0.40219.1
Project("{FAE04EC0-301F-11D3-BF4B-00C04F79EFBC}") = "BankAccountMethodOverridingg", "BankAccountMethodOverridingg\BankAccountMethodOverridingg.csproj", "{95B77BAB-61DE-43B4-A376-3D1789C5F8B3}"
EndProject
Global
	GlobalSection(SolutionConfigurationPlatforms) = preSolution
		Debug|Any CPU = Debug|Any CPU
		Release|Any CPU = Release|Any CPU
	EndGlobalSection
	GlobalSection(ProjectConfigurationPlatforms) = postSolution
		{95B77BAB-61DE-43B4-A376-3D1789C5F8B3}.Debug|Any CPU.ActiveCfg = Debug|Any CPU
		{95B77BAB-61DE-43B4-A376-3D1789C5F8B3}.Debug|Any CPU.Build.0 = Debug|Any CPU
		{95B77BAB-61DE-43B4-A376-3D1789C5F8B3}.Release|Any CPU.ActiveCfg = Release|Any CPU
		{95B77BAB-61DE-43B4-A376-3D1789C5F8B3}.Release|Any CPU.Build.0 = Release|Any CPU
	EndGlobalSection
	GlobalSection(SolutionProperties) = preSolution
		HideSolutionNode = FALSE
	EndGlobalSection
	GlobalSection(ExtensibilityGlobals) = postSolution
		SolutionGuid = {A9E3A569-611F-4615-BDFB-09BA06117D1C}
	EndGlobalSection
EndGlobal
