
Microsoft Visual Studio Solution File, Format Version 12.00
# Visual Studio Version 17
VisualStudioVersion = 17.9.34622.214
MinimumVisualStudioVersion = 10.0.40219.1
Project("{FAE04EC0-301F-11D3-BF4B-00C04F79EFBC}") = "BankAccountEncapsulation", "BankAccountEncapsulation\BankAccountEncapsulation.csproj", "{3710E406-1D72-4763-B4FC-8770F7951FE6}"
EndProject
Global
	GlobalSection(SolutionConfigurationPlatforms) = preSolution
		Debug|Any CPU = Debug|Any CPU
		Release|Any CPU = Release|Any CPU
	EndGlobalSection
	GlobalSection(ProjectConfigurationPlatforms) = postSolution
		{3710E406-1D72-4763-B4FC-8770F7951FE6}.Debug|Any CPU.ActiveCfg = Debug|Any CPU
		{3710E406-1D72-4763-B4FC-8770F7951FE6}.Debug|Any CPU.Build.0 = Debug|Any CPU
		{3710E406-1D72-4763-B4FC-8770F7951FE6}.Release|Any CPU.ActiveCfg = Release|Any CPU
		{3710E406-1D72-4763-B4FC-8770F7951FE6}.Release|Any CPU.Build.0 = Release|Any CPU
	EndGlobalSection
	GlobalSection(SolutionProperties) = preSolution
		HideSolutionNode = FALSE
	EndGlobalSection
	GlobalSection(ExtensibilityGlobals) = postSolution
		SolutionGuid = {159953BD-BCB5-4CFB-B617-E09442746FE2}
	EndGlobalSection
EndGlobal
